
Microsoft Visual Studio Solution File, Format Version 12.00
# Visual Studio Version 16
VisualStudioVersion = 16.0.33027.164
MinimumVisualStudioVersion = 10.0.40219.1
Project("{FAE04EC0-301F-11D3-BF4B-00C04F79EFBC}") = "vidly", "vidly.csproj", "{A603351E-994A-42ED-8A4E-DB1CA31A5B59}"
EndProject
Global
	GlobalSection(SolutionConfigurationPlatforms) = preSolution
		Debug|Any CPU = Debug|Any CPU
		Release|Any CPU = Release|Any CPU
	EndGlobalSection
	GlobalSection(ProjectConfigurationPlatforms) = postSolution
		{A603351E-994A-42ED-8A4E-DB1CA31A5B59}.Debug|Any CPU.ActiveCfg = Debug|Any CPU
		{A603351E-994A-42ED-8A4E-DB1CA31A5B59}.Debug|Any CPU.Build.0 = Debug|Any CPU
		{A603351E-994A-42ED-8A4E-DB1CA31A5B59}.Release|Any CPU.ActiveCfg = Release|Any CPU
		{A603351E-994A-42ED-8A4E-DB1CA31A5B59}.Release|Any CPU.Build.0 = Release|Any CPU
	EndGlobalSection
	GlobalSection(SolutionProperties) = preSolution
		HideSolutionNode = FALSE
	EndGlobalSection
	GlobalSection(ExtensibilityGlobals) = postSolution
		SolutionGuid = {E7A4D279-B02D-43D5-967C-DD08B075C811}
	EndGlobalSection
EndGlobal
